
Microsoft Visual Studio Solution File, Format Version 12.00
# Visual Studio Version 17
VisualStudioVersion = 17.4.33213.308
MinimumVisualStudioVersion = 10.0.40219.1
Project("{FAE04EC0-301F-11D3-BF4B-00C04F79EFBC}") = "my-book-training-api", "my-book-training-api\my-book-training-api.csproj", "{2C7FED25-3A62-4914-90E6-3B9F7AE9309C}"
EndProject
Global
	GlobalSection(SolutionConfigurationPlatforms) = preSolution
		Debug|Any CPU = Debug|Any CPU
		Release|Any CPU = Release|Any CPU
	EndGlobalSection
	GlobalSection(ProjectConfigurationPlatforms) = postSolution
		{2C7FED25-3A62-4914-90E6-3B9F7AE9309C}.Debug|Any CPU.ActiveCfg = Debug|Any CPU
		{2C7FED25-3A62-4914-90E6-3B9F7AE9309C}.Debug|Any CPU.Build.0 = Debug|Any CPU
		{2C7FED25-3A62-4914-90E6-3B9F7AE9309C}.Release|Any CPU.ActiveCfg = Release|Any CPU
		{2C7FED25-3A62-4914-90E6-3B9F7AE9309C}.Release|Any CPU.Build.0 = Release|Any CPU
	EndGlobalSection
	GlobalSection(SolutionProperties) = preSolution
		HideSolutionNode = FALSE
	EndGlobalSection
	GlobalSection(ExtensibilityGlobals) = postSolution
		SolutionGuid = {0F60F465-2924-41FD-82D5-33B5C1B5BEA2}
	EndGlobalSection
EndGlobal
